
Microsoft Visual Studio Solution File, Format Version 12.00
# Visual Studio 15
VisualStudioVersion = 15.0.27703.2035
MinimumVisualStudioVersion = 10.0.40219.1
Project("{FAE04EC0-301F-11D3-BF4B-00C04F79EFBC}") = "ClothBazar.Web", "ClothBazar.Web\ClothBazar.Web.csproj", "{F1837886-E1F7-4F7A-8615-1D2D7837A09D}"
EndProject
Global
	GlobalSection(SolutionConfigurationPlatforms) = preSolution
		Debug|Any CPU = Debug|Any CPU
		Release|Any CPU = Release|Any CPU
	EndGlobalSection
	GlobalSection(ProjectConfigurationPlatforms) = postSolution
		{F1837886-E1F7-4F7A-8615-1D2D7837A09D}.Debug|Any CPU.ActiveCfg = Debug|Any CPU
		{F1837886-E1F7-4F7A-8615-1D2D7837A09D}.Debug|Any CPU.Build.0 = Debug|Any CPU
		{F1837886-E1F7-4F7A-8615-1D2D7837A09D}.Release|Any CPU.ActiveCfg = Release|Any CPU
		{F1837886-E1F7-4F7A-8615-1D2D7837A09D}.Release|Any CPU.Build.0 = Release|Any CPU
	EndGlobalSection
	GlobalSection(SolutionProperties) = preSolution
		HideSolutionNode = FALSE
	EndGlobalSection
	GlobalSection(ExtensibilityGlobals) = postSolution
		SolutionGuid = {D047C134-F27A-4288-9BA0-9E89ACE07720}
	EndGlobalSection
EndGlobal
